<?xml version="1.0" encoding="utf-8"?>
<Project ToolsVersion="4.0" xmlns="http://schemas.microsoft.com/developer/msbuild/2003">
  <ItemGroup>
    <Filter Include="Source">
      <UniqueIdentifier>{56EB95D1-428D-C0A7-2B48-D4FB178947F8}</UniqueIdentifier>
    </Filter>
    <Filter Include="Source\Runtime">
      <UniqueIdentifier>{89EE4F15-75BC-431B-5E50-B4414ABD1F80}</UniqueIdentifier>
    </Filter>
    <Filter Include="Source\ThirdParty">
      <UniqueIdentifier>{50428BA2-BC58-8938-05D0-145A71255AC0}</UniqueIdentifier>
    </Filter>
    <Filter Include="Source\ThirdParty\spdlog">
      <UniqueIdentifier>{8858F5FB-747D-447C-9DC8-290C894C439A}</UniqueIdentifier>
    </Filter>
    <Filter Include="Source\ThirdParty\spdlog\cfg">
      <UniqueIdentifier>{07D59930-F38F-89DC-9C47-022788E1D36C}</UniqueIdentifier>
    </Filter>
    <Filter Include="Source\ThirdParty\spdlog\details">
      <UniqueIdentifier>{FD50C22F-E9A1-AD71-1206-9C33FEB540DB}</UniqueIdentifier>
    </Filter>
    <Filter Include="Source\ThirdParty\spdlog\fmt">
      <UniqueIdentifier>{BEE29930-AA9D-89DC-5355-02273FEFD36C}</UniqueIdentifier>
    </Filter>
    <Filter Include="Source\ThirdParty\spdlog\fmt\bundled">
      <UniqueIdentifier>{ABDF83FA-97C6-45F2-4017-AC0F2CDDBE58}</UniqueIdentifier>
    </Filter>
    <Filter Include="Source\ThirdParty\spdlog\sinks">
      <UniqueIdentifier>{FF8B86BF-EBB1-5026-D4F7-D5F1C0BC75F2}</UniqueIdentifier>
    </Filter>
  </ItemGroup>
  <ItemGroup>
    <ClInclude Include="Engine\EntryPoint.h" />
    <ClInclude Include="Engine\Lumina.h" />
    <ClInclude Include="Engine\Source\Runtime\Application.h">
      <Filter>Source\Runtime</Filter>
    </ClInclude>
    <ClInclude Include="Engine\Source\ThirdParty\spdlog\async.h">
      <Filter>Source\ThirdParty\spdlog</Filter>
    </ClInclude>
    <ClInclude Include="Engine\Source\ThirdParty\spdlog\async_logger-inl.h">
      <Filter>Source\ThirdParty\spdlog</Filter>
    </ClInclude>
    <ClInclude Include="Engine\Source\ThirdParty\spdlog\async_logger.h">
      <Filter>Source\ThirdParty\spdlog</Filter>
    </ClInclude>
    <ClInclude Include="Engine\Source\ThirdParty\spdlog\cfg\argv.h">
      <Filter>Source\ThirdParty\spdlog\cfg</Filter>
    </ClInclude>
    <ClInclude Include="Engine\Source\ThirdParty\spdlog\cfg\env.h">
      <Filter>Source\ThirdParty\spdlog\cfg</Filter>
    </ClInclude>
    <ClInclude Include="Engine\Source\ThirdParty\spdlog\cfg\helpers-inl.h">
      <Filter>Source\ThirdParty\spdlog\cfg</Filter>
    </ClInclude>
    <ClInclude Include="Engine\Source\ThirdParty\spdlog\cfg\helpers.h">
      <Filter>Source\ThirdParty\spdlog\cfg</Filter>
    </ClInclude>
    <ClInclude Include="Engine\Source\ThirdParty\spdlog\common-inl.h">
      <Filter>Source\ThirdParty\spdlog</Filter>
    </ClInclude>
    <ClInclude Include="Engine\Source\ThirdParty\spdlog\common.h">
      <Filter>Source\ThirdParty\spdlog</Filter>
    </ClInclude>
    <ClInclude Include="Engine\Source\ThirdParty\spdlog\details\backtracer-inl.h">
      <Filter>Source\ThirdParty\spdlog\details</Filter>
    </ClInclude>
    <ClInclude Include="Engine\Source\ThirdParty\spdlog\details\backtracer.h">
      <Filter>Source\ThirdParty\spdlog\details</Filter>
    </ClInclude>
    <ClInclude Include="Engine\Source\ThirdParty\spdlog\details\circular_q.h">
      <Filter>Source\ThirdParty\spdlog\details</Filter>
    </ClInclude>
    <ClInclude Include="Engine\Source\ThirdParty\spdlog\details\console_globals.h">
      <Filter>Source\ThirdParty\spdlog\details</Filter>
    </ClInclude>
    <ClInclude Include="Engine\Source\ThirdParty\spdlog\details\file_helper-inl.h">
      <Filter>Source\ThirdParty\spdlog\details</Filter>
    </ClInclude>
    <ClInclude Include="Engine\Source\ThirdParty\spdlog\details\file_helper.h">
      <Filter>Source\ThirdParty\spdlog\details</Filter>
    </ClInclude>
    <ClInclude Include="Engine\Source\ThirdParty\spdlog\details\fmt_helper.h">
      <Filter>Source\ThirdParty\spdlog\details</Filter>
    </ClInclude>
    <ClInclude Include="Engine\Source\ThirdParty\spdlog\details\log_msg-inl.h">
      <Filter>Source\ThirdParty\spdlog\details</Filter>
    </ClInclude>
    <ClInclude Include="Engine\Source\ThirdParty\spdlog\details\log_msg.h">
      <Filter>Source\ThirdParty\spdlog\details</Filter>
    </ClInclude>
    <ClInclude Include="Engine\Source\ThirdParty\spdlog\details\log_msg_buffer-inl.h">
      <Filter>Source\ThirdParty\spdlog\details</Filter>
    </ClInclude>
    <ClInclude Include="Engine\Source\ThirdParty\spdlog\details\log_msg_buffer.h">
      <Filter>Source\ThirdParty\spdlog\details</Filter>
    </ClInclude>
    <ClInclude Include="Engine\Source\ThirdParty\spdlog\details\mpmc_blocking_q.h">
      <Filter>Source\ThirdParty\spdlog\details</Filter>
    </ClInclude>
    <ClInclude Include="Engine\Source\ThirdParty\spdlog\details\null_mutex.h">
      <Filter>Source\ThirdParty\spdlog\details</Filter>
    </ClInclude>
    <ClInclude Include="Engine\Source\ThirdParty\spdlog\details\os-inl.h">
      <Filter>Source\ThirdParty\spdlog\details</Filter>
    </ClInclude>
    <ClInclude Include="Engine\Source\ThirdParty\spdlog\details\os.h">
      <Filter>Source\ThirdParty\spdlog\details</Filter>
    </ClInclude>
    <ClInclude Include="Engine\Source\ThirdParty\spdlog\details\periodic_worker-inl.h">
      <Filter>Source\ThirdParty\spdlog\details</Filter>
    </ClInclude>
    <ClInclude Include="Engine\Source\ThirdParty\spdlog\details\periodic_worker.h">
      <Filter>Source\ThirdParty\spdlog\details</Filter>
    </ClInclude>
    <ClInclude Include="Engine\Source\ThirdParty\spdlog\details\registry-inl.h">
      <Filter>Source\ThirdParty\spdlog\details</Filter>
    </ClInclude>
    <ClInclude Include="Engine\Source\ThirdParty\spdlog\details\registry.h">
      <Filter>Source\ThirdParty\spdlog\details</Filter>
    </ClInclude>
    <ClInclude Include="Engine\Source\ThirdParty\spdlog\details\synchronous_factory.h">
      <Filter>Source\ThirdParty\spdlog\details</Filter>
    </ClInclude>
    <ClInclude Include="Engine\Source\ThirdParty\spdlog\details\tcp_client-windows.h">
      <Filter>Source\ThirdParty\spdlog\details</Filter>
    </ClInclude>
    <ClInclude Include="Engine\Source\ThirdParty\spdlog\details\tcp_client.h">
      <Filter>Source\ThirdParty\spdlog\details</Filter>
    </ClInclude>
    <ClInclude Include="Engine\Source\ThirdParty\spdlog\details\thread_pool-inl.h">
      <Filter>Source\ThirdParty\spdlog\details</Filter>
    </ClInclude>
    <ClInclude Include="Engine\Source\ThirdParty\spdlog\details\thread_pool.h">
      <Filter>Source\ThirdParty\spdlog\details</Filter>
    </ClInclude>
    <ClInclude Include="Engine\Source\ThirdParty\spdlog\details\udp_client-windows.h">
      <Filter>Source\ThirdParty\spdlog\details</Filter>
    </ClInclude>
    <ClInclude Include="Engine\Source\ThirdParty\spdlog\details\udp_client.h">
      <Filter>Source\ThirdParty\spdlog\details</Filter>
    </ClInclude>
    <ClInclude Include="Engine\Source\ThirdParty\spdlog\details\windows_include.h">
      <Filter>Source\ThirdParty\spdlog\details</Filter>
    </ClInclude>
    <ClInclude Include="Engine\Source\ThirdParty\spdlog\fmt\bin_to_hex.h">
      <Filter>Source\ThirdParty\spdlog\fmt</Filter>
    </ClInclude>
    <ClInclude Include="Engine\Source\ThirdParty\spdlog\fmt\bundled\args.h">
      <Filter>Source\ThirdParty\spdlog\fmt\bundled</Filter>
    </ClInclude>
    <ClInclude Include="Engine\Source\ThirdParty\spdlog\fmt\bundled\chrono.h">
      <Filter>Source\ThirdParty\spdlog\fmt\bundled</Filter>
    </ClInclude>
    <ClInclude Include="Engine\Source\ThirdParty\spdlog\fmt\bundled\color.h">
      <Filter>Source\ThirdParty\spdlog\fmt\bundled</Filter>
    </ClInclude>
    <ClInclude Include="Engine\Source\ThirdParty\spdlog\fmt\bundled\compile.h">
      <Filter>Source\ThirdParty\spdlog\fmt\bundled</Filter>
    </ClInclude>
    <ClInclude Include="Engine\Source\ThirdParty\spdlog\fmt\bundled\core.h">
      <Filter>Source\ThirdParty\spdlog\fmt\bundled</Filter>
    </ClInclude>
    <ClInclude Include="Engine\Source\ThirdParty\spdlog\fmt\bundled\format-inl.h">
      <Filter>Source\ThirdParty\spdlog\fmt\bundled</Filter>
    </ClInclude>
    <ClInclude Include="Engine\Source\ThirdParty\spdlog\fmt\bundled\format.h">
      <Filter>Source\ThirdParty\spdlog\fmt\bundled</Filter>
    </ClInclude>
    <ClInclude Include="Engine\Source\ThirdParty\spdlog\fmt\bundled\locale.h">
      <Filter>Source\ThirdParty\spdlog\fmt\bundled</Filter>
    </ClInclude>
    <ClInclude Include="Engine\Source\ThirdParty\spdlog\fmt\bundled\os.h">
      <Filter>Source\ThirdParty\spdlog\fmt\bundled</Filter>
    </ClInclude>
    <ClInclude Include="Engine\Source\ThirdParty\spdlog\fmt\bundled\ostream.h">
      <Filter>Source\ThirdParty\spdlog\fmt\bundled</Filter>
    </ClInclude>
    <ClInclude Include="Engine\Source\ThirdParty\spdlog\fmt\bundled\printf.h">
      <Filter>Source\ThirdParty\spdlog\fmt\bundled</Filter>
    </ClInclude>
    <ClInclude Include="Engine\Source\ThirdParty\spdlog\fmt\bundled\ranges.h">
      <Filter>Source\ThirdParty\spdlog\fmt\bundled</Filter>
    </ClInclude>
    <ClInclude Include="Engine\Source\ThirdParty\spdlog\fmt\bundled\std.h">
      <Filter>Source\ThirdParty\spdlog\fmt\bundled</Filter>
    </ClInclude>
    <ClInclude Include="Engine\Source\ThirdParty\spdlog\fmt\bundled\xchar.h">
      <Filter>Source\ThirdParty\spdlog\fmt\bundled</Filter>
    </ClInclude>
    <ClInclude Include="Engine\Source\ThirdParty\spdlog\fmt\chrono.h">
      <Filter>Source\ThirdParty\spdlog\fmt</Filter>
    </ClInclude>
    <ClInclude Include="Engine\Source\ThirdParty\spdlog\fmt\compile.h">
      <Filter>Source\ThirdParty\spdlog\fmt</Filter>
    </ClInclude>
    <ClInclude Include="Engine\Source\ThirdParty\spdlog\fmt\fmt.h">
      <Filter>Source\ThirdParty\spdlog\fmt</Filter>
    </ClInclude>
    <ClInclude Include="Engine\Source\ThirdParty\spdlog\fmt\ostr.h">
      <Filter>Source\ThirdParty\spdlog\fmt</Filter>
    </ClInclude>
    <ClInclude Include="Engine\Source\ThirdParty\spdlog\fmt\ranges.h">
      <Filter>Source\ThirdParty\spdlog\fmt</Filter>
    </ClInclude>
    <ClInclude Include="Engine\Source\ThirdParty\spdlog\fmt\std.h">
      <Filter>Source\ThirdParty\spdlog\fmt</Filter>
    </ClInclude>
    <ClInclude Include="Engine\Source\ThirdParty\spdlog\fmt\xchar.h">
      <Filter>Source\ThirdParty\spdlog\fmt</Filter>
    </ClInclude>
    <ClInclude Include="Engine\Source\ThirdParty\spdlog\formatter.h">
      <Filter>Source\ThirdParty\spdlog</Filter>
    </ClInclude>
    <ClInclude Include="Engine\Source\ThirdParty\spdlog\fwd.h">
      <Filter>Source\ThirdParty\spdlog</Filter>
    </ClInclude>
    <ClInclude Include="Engine\Source\ThirdParty\spdlog\logger-inl.h">
      <Filter>Source\ThirdParty\spdlog</Filter>
    </ClInclude>
    <ClInclude Include="Engine\Source\ThirdParty\spdlog\logger.h">
      <Filter>Source\ThirdParty\spdlog</Filter>
    </ClInclude>
    <ClInclude Include="Engine\Source\ThirdParty\spdlog\mdc.h">
      <Filter>Source\ThirdParty\spdlog</Filter>
    </ClInclude>
    <ClInclude Include="Engine\Source\ThirdParty\spdlog\pattern_formatter-inl.h">
      <Filter>Source\ThirdParty\spdlog</Filter>
    </ClInclude>
    <ClInclude Include="Engine\Source\ThirdParty\spdlog\pattern_formatter.h">
      <Filter>Source\ThirdParty\spdlog</Filter>
    </ClInclude>
    <ClInclude Include="Engine\Source\ThirdParty\spdlog\sinks\android_sink.h">
      <Filter>Source\ThirdParty\spdlog\sinks</Filter>
    </ClInclude>
    <ClInclude Include="Engine\Source\ThirdParty\spdlog\sinks\ansicolor_sink-inl.h">
      <Filter>Source\ThirdParty\spdlog\sinks</Filter>
    </ClInclude>
    <ClInclude Include="Engine\Source\ThirdParty\spdlog\sinks\ansicolor_sink.h">
      <Filter>Source\ThirdParty\spdlog\sinks</Filter>
    </ClInclude>
    <ClInclude Include="Engine\Source\ThirdParty\spdlog\sinks\base_sink-inl.h">
      <Filter>Source\ThirdParty\spdlog\sinks</Filter>
    </ClInclude>
    <ClInclude Include="Engine\Source\ThirdParty\spdlog\sinks\base_sink.h">
      <Filter>Source\ThirdParty\spdlog\sinks</Filter>
    </ClInclude>
    <ClInclude Include="Engine\Source\ThirdParty\spdlog\sinks\basic_file_sink-inl.h">
      <Filter>Source\ThirdParty\spdlog\sinks</Filter>
    </ClInclude>
    <ClInclude Include="Engine\Source\ThirdParty\spdlog\sinks\basic_file_sink.h">
      <Filter>Source\ThirdParty\spdlog\sinks</Filter>
    </ClInclude>
    <ClInclude Include="Engine\Source\ThirdParty\spdlog\sinks\callback_sink.h">
      <Filter>Source\ThirdParty\spdlog\sinks</Filter>
    </ClInclude>
    <ClInclude Include="Engine\Source\ThirdParty\spdlog\sinks\daily_file_sink.h">
      <Filter>Source\ThirdParty\spdlog\sinks</Filter>
    </ClInclude>
    <ClInclude Include="Engine\Source\ThirdParty\spdlog\sinks\dist_sink.h">
      <Filter>Source\ThirdParty\spdlog\sinks</Filter>
    </ClInclude>
    <ClInclude Include="Engine\Source\ThirdParty\spdlog\sinks\dup_filter_sink.h">
      <Filter>Source\ThirdParty\spdlog\sinks</Filter>
    </ClInclude>
    <ClInclude Include="Engine\Source\ThirdParty\spdlog\sinks\hourly_file_sink.h">
      <Filter>Source\ThirdParty\spdlog\sinks</Filter>
    </ClInclude>
    <ClInclude Include="Engine\Source\ThirdParty\spdlog\sinks\kafka_sink.h">
      <Filter>Source\ThirdParty\spdlog\sinks</Filter>
    </ClInclude>
    <ClInclude Include="Engine\Source\ThirdParty\spdlog\sinks\mongo_sink.h">
      <Filter>Source\ThirdParty\spdlog\sinks</Filter>
    </ClInclude>
    <ClInclude Include="Engine\Source\ThirdParty\spdlog\sinks\msvc_sink.h">
      <Filter>Source\ThirdParty\spdlog\sinks</Filter>
    </ClInclude>
    <ClInclude Include="Engine\Source\ThirdParty\spdlog\sinks\null_sink.h">
      <Filter>Source\ThirdParty\spdlog\sinks</Filter>
    </ClInclude>
    <ClInclude Include="Engine\Source\ThirdParty\spdlog\sinks\ostream_sink.h">
      <Filter>Source\ThirdParty\spdlog\sinks</Filter>
    </ClInclude>
    <ClInclude Include="Engine\Source\ThirdParty\spdlog\sinks\qt_sinks.h">
      <Filter>Source\ThirdParty\spdlog\sinks</Filter>
    </ClInclude>
    <ClInclude Include="Engine\Source\ThirdParty\spdlog\sinks\ringbuffer_sink.h">
      <Filter>Source\ThirdParty\spdlog\sinks</Filter>
    </ClInclude>
    <ClInclude Include="Engine\Source\ThirdParty\spdlog\sinks\rotating_file_sink-inl.h">
      <Filter>Source\ThirdParty\spdlog\sinks</Filter>
    </ClInclude>
    <ClInclude Include="Engine\Source\ThirdParty\spdlog\sinks\rotating_file_sink.h">
      <Filter>Source\ThirdParty\spdlog\sinks</Filter>
    </ClInclude>
    <ClInclude Include="Engine\Source\ThirdParty\spdlog\sinks\sink-inl.h">
      <Filter>Source\ThirdParty\spdlog\sinks</Filter>
    </ClInclude>
    <ClInclude Include="Engine\Source\ThirdParty\spdlog\sinks\sink.h">
      <Filter>Source\ThirdParty\spdlog\sinks</Filter>
    </ClInclude>
    <ClInclude Include="Engine\Source\ThirdParty\spdlog\sinks\stdout_color_sinks-inl.h">
      <Filter>Source\ThirdParty\spdlog\sinks</Filter>
    </ClInclude>
    <ClInclude Include="Engine\Source\ThirdParty\spdlog\sinks\stdout_color_sinks.h">
      <Filter>Source\ThirdParty\spdlog\sinks</Filter>
    </ClInclude>
    <ClInclude Include="Engine\Source\ThirdParty\spdlog\sinks\stdout_sinks-inl.h">
      <Filter>Source\ThirdParty\spdlog\sinks</Filter>
    </ClInclude>
    <ClInclude Include="Engine\Source\ThirdParty\spdlog\sinks\stdout_sinks.h">
      <Filter>Source\ThirdParty\spdlog\sinks</Filter>
    </ClInclude>
    <ClInclude Include="Engine\Source\ThirdParty\spdlog\sinks\syslog_sink.h">
      <Filter>Source\ThirdParty\spdlog\sinks</Filter>
    </ClInclude>
    <ClInclude Include="Engine\Source\ThirdParty\spdlog\sinks\systemd_sink.h">
      <Filter>Source\ThirdParty\spdlog\sinks</Filter>
    </ClInclude>
    <ClInclude Include="Engine\Source\ThirdParty\spdlog\sinks\tcp_sink.h">
      <Filter>Source\ThirdParty\spdlog\sinks</Filter>
    </ClInclude>
    <ClInclude Include="Engine\Source\ThirdParty\spdlog\sinks\udp_sink.h">
      <Filter>Source\ThirdParty\spdlog\sinks</Filter>
    </ClInclude>
    <ClInclude Include="Engine\Source\ThirdParty\spdlog\sinks\win_eventlog_sink.h">
      <Filter>Source\ThirdParty\spdlog\sinks</Filter>
    </ClInclude>
    <ClInclude Include="Engine\Source\ThirdParty\spdlog\sinks\wincolor_sink-inl.h">
      <Filter>Source\ThirdParty\spdlog\sinks</Filter>
    </ClInclude>
    <ClInclude Include="Engine\Source\ThirdParty\spdlog\sinks\wincolor_sink.h">
      <Filter>Source\ThirdParty\spdlog\sinks</Filter>
    </ClInclude>
    <ClInclude Include="Engine\Source\ThirdParty\spdlog\spdlog-inl.h">
      <Filter>Source\ThirdParty\spdlog</Filter>
    </ClInclude>
    <ClInclude Include="Engine\Source\ThirdParty\spdlog\spdlog.h">
      <Filter>Source\ThirdParty\spdlog</Filter>
    </ClInclude>
    <ClInclude Include="Engine\Source\ThirdParty\spdlog\stopwatch.h">
      <Filter>Source\ThirdParty\spdlog</Filter>
    </ClInclude>
    <ClInclude Include="Engine\Source\ThirdParty\spdlog\tweakme.h">
      <Filter>Source\ThirdParty\spdlog</Filter>
    </ClInclude>
    <ClInclude Include="Engine\Source\ThirdParty\spdlog\version.h">
      <Filter>Source\ThirdParty\spdlog</Filter>
    </ClInclude>
  </ItemGroup>
  <ItemGroup>
    <ClCompile Include="Engine\Source\Runtime\Application.cpp">
      <Filter>Source\Runtime</Filter>
    </ClCompile>
  </ItemGroup>
</Project>