<?xml version="1.0" encoding="utf-8"?>
<Project ToolsVersion="4.0" xmlns="http://schemas.microsoft.com/developer/msbuild/2003">
  <ItemGroup>
    <Filter Include="ApplicationCore">
      <UniqueIdentifier>{0248356C-6ED3-A230-77E4-2525E3EEFE30}</UniqueIdentifier>
    </Filter>
    <Filter Include="CoreObject">
      <UniqueIdentifier>{C564E219-B11C-2467-1A24-FDC206FBBE57}</UniqueIdentifier>
    </Filter>
    <Filter Include="Log">
      <UniqueIdentifier>{E704880B-530E-887C-DC89-9E7C4892937C}</UniqueIdentifier>
    </Filter>
    <Filter Include="Memory">
      <UniqueIdentifier>{BE94DDC2-AA36-0899-93F1-1BED7F328FE9}</UniqueIdentifier>
    </Filter>
  </ItemGroup>
  <ItemGroup>
    <ClInclude Include="Engine\Source\Runtime\ApplicationCore\Application.h">
      <Filter>ApplicationCore</Filter>
    </ClInclude>
    <ClInclude Include="Engine\Source\Runtime\ApplicationCore\Layer.h">
      <Filter>ApplicationCore</Filter>
    </ClInclude>
    <ClInclude Include="Engine\Source\Runtime\ApplicationCore\LayerStack.h">
      <Filter>ApplicationCore</Filter>
    </ClInclude>
    <ClInclude Include="Engine\Source\Runtime\ApplicationCore\Window.h">
      <Filter>ApplicationCore</Filter>
    </ClInclude>
    <ClInclude Include="Engine\Source\Runtime\CoreObject\Object.h">
      <Filter>CoreObject</Filter>
    </ClInclude>
    <ClInclude Include="Engine\Source\Runtime\Log\Log.h">
      <Filter>Log</Filter>
    </ClInclude>
    <ClInclude Include="Engine\Source\Runtime\Memory\Memory.h">
      <Filter>Memory</Filter>
    </ClInclude>
  </ItemGroup>
  <ItemGroup>
    <ClCompile Include="Engine\Source\Runtime\ApplicationCore\Application.cpp">
      <Filter>ApplicationCore</Filter>
    </ClCompile>
    <ClCompile Include="Engine\Source\Runtime\ApplicationCore\LayerStack.cpp">
      <Filter>ApplicationCore</Filter>
    </ClCompile>
    <ClCompile Include="Engine\Source\Runtime\ApplicationCore\Window.cpp">
      <Filter>ApplicationCore</Filter>
    </ClCompile>
    <ClCompile Include="Engine\Source\Runtime\Log\Log.cpp">
      <Filter>Log</Filter>
    </ClCompile>
  </ItemGroup>
</Project>